{
  "version": 4,
  "terraform_version": "1.5.7",
  "serial": 20,
  "lineage": "9f2c0c8e-1a9e-ca11-b7b4-4cf22d1ce2f0",
  "outputs": {},
  "resources": [
    {
      "mode": "managed",
      "type": "google_compute_firewall",
      "name": "allow_http",
      "provider": "provider[\"registry.terraform.io/hashicorp/google\"]",
      "instances": [
        {
          "schema_version": 1,
          "attributes": {
            "allow": [
              {
                "ports": [
                  "8080"
                ],
                "protocol": "tcp"
              }
            ],
            "creation_timestamp": "2024-09-26T21:01:18.400-07:00",
            "deny": [],
            "description": "",
            "destination_ranges": [],
            "direction": "INGRESS",
            "disabled": false,
            "enable_logging": null,
            "id": "projects/astral-reef-391421/global/firewalls/airflow-gce-allow-http",
            "log_config": [],
            "name": "airflow-gce-allow-http",
            "network": "https://www.googleapis.com/compute/v1/projects/astral-reef-391421/global/networks/default",
            "priority": 1000,
            "project": "astral-reef-391421",
            "self_link": "https://www.googleapis.com/compute/v1/projects/astral-reef-391421/global/firewalls/airflow-gce-allow-http",
            "source_ranges": [
              "0.0.0.0/0"
            ],
            "source_service_accounts": null,
            "source_tags": null,
            "target_service_accounts": null,
            "target_tags": null,
            "timeouts": null
          },
          "sensitive_attributes": [],
          "private": "eyJlMmJmYjczMC1lY2FhLTExZTYtOGY4OC0zNDM2M2JjN2M0YzAiOnsiY3JlYXRlIjoxMjAwMDAwMDAwMDAwLCJkZWxldGUiOjEyMDAwMDAwMDAwMDAsInVwZGF0ZSI6MTIwMDAwMDAwMDAwMH0sInNjaGVtYV92ZXJzaW9uIjoiMSJ9"
        }
      ]
    },
    {
      "mode": "managed",
      "type": "google_compute_instance",
      "name": "airflow_gce_vm",
      "provider": "provider[\"registry.terraform.io/hashicorp/google\"]",
      "instances": [
        {
          "schema_version": 6,
          "attributes": {
            "advanced_machine_features": [],
            "allow_stopping_for_update": null,
            "attached_disk": [],
            "boot_disk": [
              {
                "auto_delete": true,
                "device_name": "persistent-disk-0",
                "disk_encryption_key_raw": "",
                "disk_encryption_key_sha256": "",
                "initialize_params": [
                  {
                    "enable_confidential_compute": false,
                    "image": "https://www.googleapis.com/compute/v1/projects/debian-cloud/global/images/debian-11-bullseye-v20240910",
                    "labels": {},
                    "provisioned_iops": 0,
                    "provisioned_throughput": 0,
                    "resource_manager_tags": null,
                    "resource_policies": null,
                    "size": 10,
                    "storage_pool": "",
                    "type": "pd-standard"
                  }
                ],
                "interface": "",
                "kms_key_self_link": "",
                "mode": "READ_WRITE",
                "source": "https://www.googleapis.com/compute/v1/projects/astral-reef-391421/zones/us-east4-a/disks/airflow-gce-vm"
              }
            ],
            "can_ip_forward": false,
            "confidential_instance_config": [],
            "cpu_platform": "Intel Broadwell",
            "current_status": "RUNNING",
            "deletion_protection": false,
            "description": "",
            "desired_status": null,
            "effective_labels": {
              "goog-terraform-provisioned": "true"
            },
            "enable_display": false,
            "guest_accelerator": [],
            "hostname": "",
            "id": "projects/astral-reef-391421/zones/us-east4-a/instances/airflow-gce-vm",
            "instance_id": "4337701781306577120",
            "label_fingerprint": "vezUS-42LLM=",
            "labels": null,
            "machine_type": "e2-standard-2",
            "metadata": null,
            "metadata_fingerprint": "9wZSiSy6iF8=",
            "metadata_startup_script": "#!/bin/bash\nsudo apt-get update\nsudo apt-get install -y python3-pip python3-venv\n\n# Create virtual environment\npython3 -m venv airflow_venv\nsource airflow_venv/bin/activate\n\n# Install Airflow and dependencies\npip install --upgrade pip\npip install apache-airflow\npip install apache-airflow-providers-google\npip install google-cloud-storage\n\n# Initialize Airflow database\nairflow db init\n\n# Create Airflow user\nairflow users create --username admin --password admin --firstname Admin --lastname Admin --role Admin --email enriquemejiagamarra@gmail.com\n\n# Get the Airflow dags_folder path\ndags_folder=$(airflow config list | grep dags_folder | awk -F' = ' '{print $2}')\n\n# Create the dags folder\nmkdir -p \"$dags_folder\"\n\n# Create the update_dags.py script in the dags folder\ncat \u003c\u003c EOF \u003e \"$dags_folder/update_dags.py\"\nfrom airflow import DAG\nfrom airflow.operators.python_operator import PythonOperator\nfrom airflow.providers.google.cloud.hooks.gcs import GCSHook\nfrom datetime import datetime\nimport os\n\n# Function to download DAGs from GCS\ndef download_all_dags_from_gcs(bucket_name, gcs_folder, local_dag_folder):\n    hook = GCSHook()\n    client = hook.get_conn()\n    bucket = client.bucket(bucket_name)\n        \n    # List all objects (files) in the GCS folder\n    blobs = bucket.list_blobs(prefix=gcs_folder)\n        \n    # Filter for .py files and download them to the local folder\n    for blob in blobs:\n        if blob.name.endswith('.py'):  # Only download .py files\n            local_dag_path = os.path.join(local_dag_folder, os.path.basename(blob.name))\n            print(f'Downloading {blob.name} to {local_dag_path}')\n            with open(local_dag_path, \"wb\") as f:\n                blob.download_to_file(f)\n            print(f'{blob.name} downloaded to {local_dag_path}')\n\n# Define the DAG that will trigger the download\ndefault_args = {\n   'owner': 'airflow',\n   'start_date': datetime(2023, 1, 1),\n   'retries': 1,\n}\n\nwith DAG(\n   dag_id='gcs_download_dag',\n   default_args=default_args,\n   schedule_interval=None,\n   catchup=False,\n) as dag:\n\n   # Task to download the DAG\n   download_dag_task = PythonOperator(\n       task_id='download_dag',\n       python_callable=download_all_dags_from_gcs,\n       op_kwargs={\n            'bucket_name': 'bucket-airflow-gce',\n            'gcs_folder': 'DAGs/',\n            'local_dag_folder': \"$dags_folder\",\n        },\n   )\n\n   download_dag_task\nEOF\n\n# Start Airflow webserver and scheduler\nairflow scheduler \u0026\nairflow webserver --port 8080 \u0026\n",
            "min_cpu_platform": "",
            "name": "airflow-gce-vm",
            "network_interface": [
              {
                "access_config": [
                  {
                    "nat_ip": "34.48.70.207",
                    "network_tier": "PREMIUM",
                    "public_ptr_domain_name": ""
                  }
                ],
                "alias_ip_range": [],
                "internal_ipv6_prefix_length": 0,
                "ipv6_access_config": [],
                "ipv6_access_type": "",
                "ipv6_address": "",
                "name": "nic0",
                "network": "https://www.googleapis.com/compute/v1/projects/astral-reef-391421/global/networks/default",
                "network_ip": "10.150.0.18",
                "nic_type": "",
                "queue_count": 0,
                "stack_type": "IPV4_ONLY",
                "subnetwork": "https://www.googleapis.com/compute/v1/projects/astral-reef-391421/regions/us-east4/subnetworks/default",
                "subnetwork_project": "astral-reef-391421"
              }
            ],
            "network_performance_config": [],
            "params": [],
            "project": "astral-reef-391421",
            "reservation_affinity": [],
            "resource_policies": null,
            "scheduling": [
              {
                "automatic_restart": true,
                "instance_termination_action": "",
                "local_ssd_recovery_timeout": [],
                "max_run_duration": [],
                "min_node_cpus": 0,
                "node_affinities": [],
                "on_host_maintenance": "MIGRATE",
                "on_instance_stop_action": [],
                "preemptible": false,
                "provisioning_model": "STANDARD"
              }
            ],
            "scratch_disk": [],
            "self_link": "https://www.googleapis.com/compute/v1/projects/astral-reef-391421/zones/us-east4-a/instances/airflow-gce-vm",
            "service_account": [
              {
                "email": "airflow-gce-sa@astral-reef-391421.iam.gserviceaccount.com",
                "scopes": [
                  "https://www.googleapis.com/auth/cloud-platform"
                ]
              }
            ],
            "shielded_instance_config": [
              {
                "enable_integrity_monitoring": true,
                "enable_secure_boot": false,
                "enable_vtpm": true
              }
            ],
            "tags": [
              "http-server"
            ],
            "tags_fingerprint": "FYLDgkTKlA4=",
            "terraform_labels": {
              "goog-terraform-provisioned": "true"
            },
            "timeouts": null,
            "zone": "us-east4-a"
          },
          "sensitive_attributes": [],
          "private": "eyJlMmJmYjczMC1lY2FhLTExZTYtOGY4OC0zNDM2M2JjN2M0YzAiOnsiY3JlYXRlIjoxMjAwMDAwMDAwMDAwLCJkZWxldGUiOjEyMDAwMDAwMDAwMDAsInVwZGF0ZSI6MTIwMDAwMDAwMDAwMH0sInNjaGVtYV92ZXJzaW9uIjoiNiJ9",
          "dependencies": [
            "google_service_account.airflow_gce_sa"
          ]
        }
      ]
    },
    {
      "mode": "managed",
      "type": "google_project_iam_member",
      "name": "airflow_gce_sa_role",
      "provider": "provider[\"registry.terraform.io/hashicorp/google\"]",
      "instances": [
        {
          "schema_version": 0,
          "attributes": {
            "condition": [],
            "etag": "BwYjEeh78Bs=",
            "id": "astral-reef-391421/roles/storage.admin/serviceAccount:airflow-gce-sa@astral-reef-391421.iam.gserviceaccount.com",
            "member": "serviceAccount:airflow-gce-sa@astral-reef-391421.iam.gserviceaccount.com",
            "project": "astral-reef-391421",
            "role": "roles/storage.admin"
          },
          "sensitive_attributes": [],
          "private": "bnVsbA==",
          "dependencies": [
            "google_service_account.airflow_gce_sa"
          ]
        }
      ]
    },
    {
      "mode": "managed",
      "type": "google_service_account",
      "name": "airflow_gce_sa",
      "provider": "provider[\"registry.terraform.io/hashicorp/google\"]",
      "instances": [
        {
          "schema_version": 0,
          "attributes": {
            "account_id": "airflow-gce-sa",
            "create_ignore_already_exists": null,
            "description": "",
            "disabled": false,
            "display_name": "Airflow Service Account",
            "email": "airflow-gce-sa@astral-reef-391421.iam.gserviceaccount.com",
            "id": "projects/astral-reef-391421/serviceAccounts/airflow-gce-sa@astral-reef-391421.iam.gserviceaccount.com",
            "member": "serviceAccount:airflow-gce-sa@astral-reef-391421.iam.gserviceaccount.com",
            "name": "projects/astral-reef-391421/serviceAccounts/airflow-gce-sa@astral-reef-391421.iam.gserviceaccount.com",
            "project": "astral-reef-391421",
            "timeouts": null,
            "unique_id": "115667460339513857829"
          },
          "sensitive_attributes": [],
          "private": "eyJlMmJmYjczMC1lY2FhLTExZTYtOGY4OC0zNDM2M2JjN2M0YzAiOnsiY3JlYXRlIjozMDAwMDAwMDAwMDB9fQ=="
        }
      ]
    },
    {
      "mode": "managed",
      "type": "google_storage_bucket",
      "name": "airflow_dag_bucket",
      "provider": "provider[\"registry.terraform.io/hashicorp/google\"]",
      "instances": [
        {
          "schema_version": 3,
          "attributes": {
            "autoclass": [],
            "cors": [],
            "custom_placement_config": [],
            "default_event_based_hold": false,
            "effective_labels": {
              "goog-terraform-provisioned": "true"
            },
            "enable_object_retention": false,
            "encryption": [],
            "force_destroy": false,
            "id": "bucket-airflow-gce",
            "labels": {},
            "lifecycle_rule": [],
            "location": "US-EAST4",
            "logging": [],
            "name": "bucket-airflow-gce",
            "project": "astral-reef-391421",
            "project_number": 608375853532,
            "public_access_prevention": "inherited",
            "requester_pays": false,
            "retention_policy": [],
            "rpo": null,
            "self_link": "https://www.googleapis.com/storage/v1/b/bucket-airflow-gce",
            "soft_delete_policy": [
              {
                "effective_time": "2024-09-27T02:34:20.330Z",
                "retention_duration_seconds": 604800
              }
            ],
            "storage_class": "STANDARD",
            "terraform_labels": {
              "goog-terraform-provisioned": "true"
            },
            "timeouts": null,
            "uniform_bucket_level_access": false,
            "url": "gs://bucket-airflow-gce",
            "versioning": [],
            "website": []
          },
          "sensitive_attributes": [],
          "private": "eyJlMmJmYjczMC1lY2FhLTExZTYtOGY4OC0zNDM2M2JjN2M0YzAiOnsiY3JlYXRlIjo2MDAwMDAwMDAwMDAsInJlYWQiOjI0MDAwMDAwMDAwMCwidXBkYXRlIjoyNDAwMDAwMDAwMDB9LCJzY2hlbWFfdmVyc2lvbiI6IjMifQ=="
        }
      ]
    }
  ],
  "check_results": null
}
